<?xml version="1.0" encoding="utf-8"?>
<Project ToolsVersion="4.0" xmlns="http://schemas.microsoft.com/developer/msbuild/2003">
  <ItemGroup>
    <Filter Include="Orbital">
      <UniqueIdentifier>{32640DD6-9E43-8C71-A75B-174813BAF2D2}</UniqueIdentifier>
    </Filter>
    <Filter Include="Orbital\Events">
      <UniqueIdentifier>{D623E68C-C2F1-D992-AB85-4AB997F2B5F7}</UniqueIdentifier>
    </Filter>
  </ItemGroup>
  <ItemGroup>
    <ClInclude Include="src\Orbital.h" />
    <ClInclude Include="src\Orbital\Application.h">
      <Filter>Orbital</Filter>
    </ClInclude>
    <ClInclude Include="src\Orbital\Core.h">
      <Filter>Orbital</Filter>
    </ClInclude>
    <ClInclude Include="src\Orbital\EntryPoint.h">
      <Filter>Orbital</Filter>
    </ClInclude>
    <ClInclude Include="src\Orbital\Events\ApplicationEvents.h">
      <Filter>Orbital\Events</Filter>
    </ClInclude>
    <ClInclude Include="src\Orbital\Events\Event.h">
      <Filter>Orbital\Events</Filter>
    </ClInclude>
    <ClInclude Include="src\Orbital\Events\KeyEvent.h">
      <Filter>Orbital\Events</Filter>
    </ClInclude>
    <ClInclude Include="src\Orbital\Events\MouseEvents.h">
      <Filter>Orbital\Events</Filter>
    </ClInclude>
    <ClInclude Include="src\Orbital\Log.h">
      <Filter>Orbital</Filter>
    </ClInclude>
  </ItemGroup>
  <ItemGroup>
    <ClCompile Include="src\Orbital\Application.cpp">
      <Filter>Orbital</Filter>
    </ClCompile>
    <ClCompile Include="src\Orbital\Log.cpp">
      <Filter>Orbital</Filter>
    </ClCompile>
  </ItemGroup>
</Project>